
Microsoft Visual Studio Solution File, Format Version 12.00
# Visual Studio Version 17
VisualStudioVersion = 17.0.31903.59
MinimumVisualStudioVersion = 10.0.40219.1
Project("{FAE04EC0-301F-11D3-BF4B-00C04F79EFBC}") = "LabaN14", "LabaN14\LabaN14.csproj", "{E02BB1FC-DFB1-474B-B09B-63D1C1AAFF92}"
EndProject
Global
	GlobalSection(SolutionConfigurationPlatforms) = preSolution
		Debug|Any CPU = Debug|Any CPU
		Release|Any CPU = Release|Any CPU
	EndGlobalSection
	GlobalSection(ProjectConfigurationPlatforms) = postSolution
		{E02BB1FC-DFB1-474B-B09B-63D1C1AAFF92}.Debug|Any CPU.ActiveCfg = Debug|Any CPU
		{E02BB1FC-DFB1-474B-B09B-63D1C1AAFF92}.Debug|Any CPU.Build.0 = Debug|Any CPU
		{E02BB1FC-DFB1-474B-B09B-63D1C1AAFF92}.Release|Any CPU.ActiveCfg = Release|Any CPU
		{E02BB1FC-DFB1-474B-B09B-63D1C1AAFF92}.Release|Any CPU.Build.0 = Release|Any CPU
	EndGlobalSection
	GlobalSection(SolutionProperties) = preSolution
		HideSolutionNode = FALSE
	EndGlobalSection
	GlobalSection(ExtensibilityGlobals) = postSolution
		SolutionGuid = {E680B1CD-43C0-416C-B4F7-926D9D7C4863}
	EndGlobalSection
EndGlobal
